// !$*UTF8*$!
{
	archiveVersion = 1;
	classes = {
	};
	objectVersion = 55;
	objects = {

/* Begin PBXBuildFile section */
		071C61402723A07200DAB7C2 /* AppDelegate.swift in Sources */ = {isa = PBXBuildFile; fileRef = 071C613F2723A07200DAB7C2 /* AppDelegate.swift */; };
		071C61442723A07200DAB7C2 /* EventsListViewController.swift in Sources */ = {isa = PBXBuildFile; fileRef = 071C61432723A07200DAB7C2 /* EventsListViewController.swift */; };
		071C61492723A07600DAB7C2 /* Assets.xcassets in Resources */ = {isa = PBXBuildFile; fileRef = 071C61482723A07600DAB7C2 /* Assets.xcassets */; };
		071C614C2723A07600DAB7C2 /* LaunchScreen.storyboard in Resources */ = {isa = PBXBuildFile; fileRef = 071C614A2723A07600DAB7C2 /* LaunchScreen.storyboard */; };
		071C61572723A07600DAB7C2 /* EventListingTests.swift in Sources */ = {isa = PBXBuildFile; fileRef = 071C61562723A07600DAB7C2 /* EventListingTests.swift */; };
		071C61612723A07600DAB7C2 /* EventListingUITests.swift in Sources */ = {isa = PBXBuildFile; fileRef = 071C61602723A07600DAB7C2 /* EventListingUITests.swift */; };
		071C61632723A07600DAB7C2 /* EventListingUITestsLaunchTests.swift in Sources */ = {isa = PBXBuildFile; fileRef = 071C61622723A07600DAB7C2 /* EventListingUITestsLaunchTests.swift */; };
		072A5FCF2723BA4F0037E460 /* EventsListViewModel.swift in Sources */ = {isa = PBXBuildFile; fileRef = 072A5FCE2723BA4F0037E460 /* EventsListViewModel.swift */; };
		072A5FD12723D4B80037E460 /* EventsListTableViewCell.swift in Sources */ = {isa = PBXBuildFile; fileRef = 072A5FD02723D4B80037E460 /* EventsListTableViewCell.swift */; };
		072A5FD52723D4E80037E460 /* MultilineLabel.swift in Sources */ = {isa = PBXBuildFile; fileRef = 072A5FD42723D4E80037E460 /* MultilineLabel.swift */; };
		072A5FD82723D63D0037E460 /* TableView.swift in Sources */ = {isa = PBXBuildFile; fileRef = 072A5FD72723D63D0037E460 /* TableView.swift */; };
		072A5FDB2723DB1E0037E460 /* EventDetailView.swift in Sources */ = {isa = PBXBuildFile; fileRef = 072A5FDA2723DB1E0037E460 /* EventDetailView.swift */; };
		072A5FDD2723DB2B0037E460 /* EventDetailViewController.swift in Sources */ = {isa = PBXBuildFile; fileRef = 072A5FDC2723DB2B0037E460 /* EventDetailViewController.swift */; };
		072A5FDF2723DB360037E460 /* EventDetailViewModel.swift in Sources */ = {isa = PBXBuildFile; fileRef = 072A5FDE2723DB360037E460 /* EventDetailViewModel.swift */; };
		072A5FE12723DB490037E460 /* EventsListCoordinator.swift in Sources */ = {isa = PBXBuildFile; fileRef = 072A5FE02723DB490037E460 /* EventsListCoordinator.swift */; };
		072A5FE32723DEE70037E460 /* EventsListTableViewCellViewModel.swift in Sources */ = {isa = PBXBuildFile; fileRef = 072A5FE22723DEE70037E460 /* EventsListTableViewCellViewModel.swift */; };
		07FB3AA62723A9DC002659B6 /* EventsListView.swift in Sources */ = {isa = PBXBuildFile; fileRef = 07FB3AA52723A9DC002659B6 /* EventsListView.swift */; };
		07FB3AA92723AABF002659B6 /* Coordinator.swift in Sources */ = {isa = PBXBuildFile; fileRef = 07FB3AA82723AABF002659B6 /* Coordinator.swift */; };
		07FB3AAB2723AB27002659B6 /* ViewControllerFactory.swift in Sources */ = {isa = PBXBuildFile; fileRef = 07FB3AAA2723AB27002659B6 /* ViewControllerFactory.swift */; };
		07FB3AAF2723AC46002659B6 /* APIClient.swift in Sources */ = {isa = PBXBuildFile; fileRef = 07FB3AAE2723AC46002659B6 /* APIClient.swift */; };
		07FB3AB22723AC65002659B6 /* APIClientProtocol.swift in Sources */ = {isa = PBXBuildFile; fileRef = 07FB3AB12723AC65002659B6 /* APIClientProtocol.swift */; };
		07FB3AB62723ACC9002659B6 /* Event.swift in Sources */ = {isa = PBXBuildFile; fileRef = 07FB3AB52723ACC9002659B6 /* Event.swift */; };
		07FB3AB92723ADD3002659B6 /* APIError.swift in Sources */ = {isa = PBXBuildFile; fileRef = 07FB3AB82723ADD3002659B6 /* APIError.swift */; };
		07FB3ABB2723ADED002659B6 /* APIDecoder.swift in Sources */ = {isa = PBXBuildFile; fileRef = 07FB3ABA2723ADED002659B6 /* APIDecoder.swift */; };
		C05A6886D71F99A741C30515 /* Pods_EventListing_EventListingUITests.framework in Frameworks */ = {isa = PBXBuildFile; fileRef = 0918E7A826D94B5FC9723A0F /* Pods_EventListing_EventListingUITests.framework */; };
		C87A59DD757F9CACD32157B2 /* Pods_EventListingTests.framework in Frameworks */ = {isa = PBXBuildFile; fileRef = A41234AABB8A20D5E7CE113F /* Pods_EventListingTests.framework */; };
		F429DC37E3C9A35A0A5CB8CC /* Pods_EventListing.framework in Frameworks */ = {isa = PBXBuildFile; fileRef = D3DDC258A4E7AD11B334DE5F /* Pods_EventListing.framework */; };
/* End PBXBuildFile section */

/* Begin PBXContainerItemProxy section */
		071C61532723A07600DAB7C2 /* PBXContainerItemProxy */ = {
			isa = PBXContainerItemProxy;
			containerPortal = 071C61342723A07200DAB7C2 /* Project object */;
			proxyType = 1;
			remoteGlobalIDString = 071C613B2723A07200DAB7C2;
			remoteInfo = EventListing;
		};
		071C615D2723A07600DAB7C2 /* PBXContainerItemProxy */ = {
			isa = PBXContainerItemProxy;
			containerPortal = 071C61342723A07200DAB7C2 /* Project object */;
			proxyType = 1;
			remoteGlobalIDString = 071C613B2723A07200DAB7C2;
			remoteInfo = EventListing;
		};
/* End PBXContainerItemProxy section */

/* Begin PBXFileReference section */
		071C613C2723A07200DAB7C2 /* EventListing.app */ = {isa = PBXFileReference; explicitFileType = wrapper.application; includeInIndex = 0; path = EventListing.app; sourceTree = BUILT_PRODUCTS_DIR; };
		071C613F2723A07200DAB7C2 /* AppDelegate.swift */ = {isa = PBXFileReference; lastKnownFileType = sourcecode.swift; path = AppDelegate.swift; sourceTree = "<group>"; };
		071C61432723A07200DAB7C2 /* EventsListViewController.swift */ = {isa = PBXFileReference; lastKnownFileType = sourcecode.swift; path = EventsListViewController.swift; sourceTree = "<group>"; };
		071C61482723A07600DAB7C2 /* Assets.xcassets */ = {isa = PBXFileReference; lastKnownFileType = folder.assetcatalog; path = Assets.xcassets; sourceTree = "<group>"; };
		071C614B2723A07600DAB7C2 /* Base */ = {isa = PBXFileReference; lastKnownFileType = file.storyboard; name = Base; path = Base.lproj/LaunchScreen.storyboard; sourceTree = "<group>"; };
		071C614D2723A07600DAB7C2 /* Info.plist */ = {isa = PBXFileReference; lastKnownFileType = text.plist.xml; path = Info.plist; sourceTree = "<group>"; };
		071C61522723A07600DAB7C2 /* EventListingTests.xctest */ = {isa = PBXFileReference; explicitFileType = wrapper.cfbundle; includeInIndex = 0; path = EventListingTests.xctest; sourceTree = BUILT_PRODUCTS_DIR; };
		071C61562723A07600DAB7C2 /* EventListingTests.swift */ = {isa = PBXFileReference; lastKnownFileType = sourcecode.swift; path = EventListingTests.swift; sourceTree = "<group>"; };
		071C615C2723A07600DAB7C2 /* EventListingUITests.xctest */ = {isa = PBXFileReference; explicitFileType = wrapper.cfbundle; includeInIndex = 0; path = EventListingUITests.xctest; sourceTree = BUILT_PRODUCTS_DIR; };
		071C61602723A07600DAB7C2 /* EventListingUITests.swift */ = {isa = PBXFileReference; lastKnownFileType = sourcecode.swift; path = EventListingUITests.swift; sourceTree = "<group>"; };
		071C61622723A07600DAB7C2 /* EventListingUITestsLaunchTests.swift */ = {isa = PBXFileReference; lastKnownFileType = sourcecode.swift; path = EventListingUITestsLaunchTests.swift; sourceTree = "<group>"; };
		072A5FCE2723BA4F0037E460 /* EventsListViewModel.swift */ = {isa = PBXFileReference; lastKnownFileType = sourcecode.swift; path = EventsListViewModel.swift; sourceTree = "<group>"; };
		072A5FD02723D4B80037E460 /* EventsListTableViewCell.swift */ = {isa = PBXFileReference; lastKnownFileType = sourcecode.swift; path = EventsListTableViewCell.swift; sourceTree = "<group>"; };
		072A5FD42723D4E80037E460 /* MultilineLabel.swift */ = {isa = PBXFileReference; lastKnownFileType = sourcecode.swift; path = MultilineLabel.swift; sourceTree = "<group>"; };
		072A5FD72723D63D0037E460 /* TableView.swift */ = {isa = PBXFileReference; lastKnownFileType = sourcecode.swift; path = TableView.swift; sourceTree = "<group>"; };
		072A5FDA2723DB1E0037E460 /* EventDetailView.swift */ = {isa = PBXFileReference; lastKnownFileType = sourcecode.swift; path = EventDetailView.swift; sourceTree = "<group>"; };
		072A5FDC2723DB2B0037E460 /* EventDetailViewController.swift */ = {isa = PBXFileReference; lastKnownFileType = sourcecode.swift; path = EventDetailViewController.swift; sourceTree = "<group>"; };
		072A5FDE2723DB360037E460 /* EventDetailViewModel.swift */ = {isa = PBXFileReference; lastKnownFileType = sourcecode.swift; path = EventDetailViewModel.swift; sourceTree = "<group>"; };
		072A5FE02723DB490037E460 /* EventsListCoordinator.swift */ = {isa = PBXFileReference; lastKnownFileType = sourcecode.swift; path = EventsListCoordinator.swift; sourceTree = "<group>"; };
		072A5FE22723DEE70037E460 /* EventsListTableViewCellViewModel.swift */ = {isa = PBXFileReference; lastKnownFileType = sourcecode.swift; path = EventsListTableViewCellViewModel.swift; sourceTree = "<group>"; };
		07FB3AA52723A9DC002659B6 /* EventsListView.swift */ = {isa = PBXFileReference; lastKnownFileType = sourcecode.swift; path = EventsListView.swift; sourceTree = "<group>"; };
		07FB3AA82723AABF002659B6 /* Coordinator.swift */ = {isa = PBXFileReference; lastKnownFileType = sourcecode.swift; path = Coordinator.swift; sourceTree = "<group>"; };
		07FB3AAA2723AB27002659B6 /* ViewControllerFactory.swift */ = {isa = PBXFileReference; lastKnownFileType = sourcecode.swift; path = ViewControllerFactory.swift; sourceTree = "<group>"; };
		07FB3AAE2723AC46002659B6 /* APIClient.swift */ = {isa = PBXFileReference; lastKnownFileType = sourcecode.swift; path = APIClient.swift; sourceTree = "<group>"; };
		07FB3AB12723AC65002659B6 /* APIClientProtocol.swift */ = {isa = PBXFileReference; lastKnownFileType = sourcecode.swift; path = APIClientProtocol.swift; sourceTree = "<group>"; };
		07FB3AB52723ACC9002659B6 /* Event.swift */ = {isa = PBXFileReference; lastKnownFileType = sourcecode.swift; path = Event.swift; sourceTree = "<group>"; };
		07FB3AB82723ADD3002659B6 /* APIError.swift */ = {isa = PBXFileReference; lastKnownFileType = sourcecode.swift; path = APIError.swift; sourceTree = "<group>"; };
		07FB3ABA2723ADED002659B6 /* APIDecoder.swift */ = {isa = PBXFileReference; lastKnownFileType = sourcecode.swift; path = APIDecoder.swift; sourceTree = "<group>"; };
		0918E7A826D94B5FC9723A0F /* Pods_EventListing_EventListingUITests.framework */ = {isa = PBXFileReference; explicitFileType = wrapper.framework; includeInIndex = 0; path = Pods_EventListing_EventListingUITests.framework; sourceTree = BUILT_PRODUCTS_DIR; };
		0A0D0A0A0E39FB1B83325CC3 /* Pods-EventListing.release.xcconfig */ = {isa = PBXFileReference; includeInIndex = 1; lastKnownFileType = text.xcconfig; name = "Pods-EventListing.release.xcconfig"; path = "Target Support Files/Pods-EventListing/Pods-EventListing.release.xcconfig"; sourceTree = "<group>"; };
		623C90F1E36299DB364311AE /* Pods-EventListingTests.release.xcconfig */ = {isa = PBXFileReference; includeInIndex = 1; lastKnownFileType = text.xcconfig; name = "Pods-EventListingTests.release.xcconfig"; path = "Target Support Files/Pods-EventListingTests/Pods-EventListingTests.release.xcconfig"; sourceTree = "<group>"; };
		6C1092C3758BE22E6C9C0EFC /* Pods-EventListingTests.debug.xcconfig */ = {isa = PBXFileReference; includeInIndex = 1; lastKnownFileType = text.xcconfig; name = "Pods-EventListingTests.debug.xcconfig"; path = "Target Support Files/Pods-EventListingTests/Pods-EventListingTests.debug.xcconfig"; sourceTree = "<group>"; };
		870F35974F5B45145E45D02C /* Pods-EventListing-EventListingUITests.debug.xcconfig */ = {isa = PBXFileReference; includeInIndex = 1; lastKnownFileType = text.xcconfig; name = "Pods-EventListing-EventListingUITests.debug.xcconfig"; path = "Target Support Files/Pods-EventListing-EventListingUITests/Pods-EventListing-EventListingUITests.debug.xcconfig"; sourceTree = "<group>"; };
		A41234AABB8A20D5E7CE113F /* Pods_EventListingTests.framework */ = {isa = PBXFileReference; explicitFileType = wrapper.framework; includeInIndex = 0; path = Pods_EventListingTests.framework; sourceTree = BUILT_PRODUCTS_DIR; };
		D3DDC258A4E7AD11B334DE5F /* Pods_EventListing.framework */ = {isa = PBXFileReference; explicitFileType = wrapper.framework; includeInIndex = 0; path = Pods_EventListing.framework; sourceTree = BUILT_PRODUCTS_DIR; };
		E4202C4FB3F7D6C00F63AE2D /* Pods-EventListing.debug.xcconfig */ = {isa = PBXFileReference; includeInIndex = 1; lastKnownFileType = text.xcconfig; name = "Pods-EventListing.debug.xcconfig"; path = "Target Support Files/Pods-EventListing/Pods-EventListing.debug.xcconfig"; sourceTree = "<group>"; };
		EC7EB6AC6487C4C38C4BE9D8 /* Pods-EventListing-EventListingUITests.release.xcconfig */ = {isa = PBXFileReference; includeInIndex = 1; lastKnownFileType = text.xcconfig; name = "Pods-EventListing-EventListingUITests.release.xcconfig"; path = "Target Support Files/Pods-EventListing-EventListingUITests/Pods-EventListing-EventListingUITests.release.xcconfig"; sourceTree = "<group>"; };
/* End PBXFileReference section */

/* Begin PBXFrameworksBuildPhase section */
		071C61392723A07200DAB7C2 /* Frameworks */ = {
			isa = PBXFrameworksBuildPhase;
			buildActionMask = 2147483647;
			files = (
				F429DC37E3C9A35A0A5CB8CC /* Pods_EventListing.framework in Frameworks */,
			);
			runOnlyForDeploymentPostprocessing = 0;
		};
		071C614F2723A07600DAB7C2 /* Frameworks */ = {
			isa = PBXFrameworksBuildPhase;
			buildActionMask = 2147483647;
			files = (
				C87A59DD757F9CACD32157B2 /* Pods_EventListingTests.framework in Frameworks */,
			);
			runOnlyForDeploymentPostprocessing = 0;
		};
		071C61592723A07600DAB7C2 /* Frameworks */ = {
			isa = PBXFrameworksBuildPhase;
			buildActionMask = 2147483647;
			files = (
				C05A6886D71F99A741C30515 /* Pods_EventListing_EventListingUITests.framework in Frameworks */,
			);
			runOnlyForDeploymentPostprocessing = 0;
		};
/* End PBXFrameworksBuildPhase section */

/* Begin PBXGroup section */
		071C61332723A07200DAB7C2 = {
			isa = PBXGroup;
			children = (
				071C613E2723A07200DAB7C2 /* EventListing */,
				071C61552723A07600DAB7C2 /* EventListingTests */,
				071C615F2723A07600DAB7C2 /* EventListingUITests */,
				071C613D2723A07200DAB7C2 /* Products */,
				B4A2136814B28406F6C8AA6F /* Pods */,
				51D33991DCC4EC33DDA9E56B /* Frameworks */,
			);
			sourceTree = "<group>";
		};
		071C613D2723A07200DAB7C2 /* Products */ = {
			isa = PBXGroup;
			children = (
				071C613C2723A07200DAB7C2 /* EventListing.app */,
				071C61522723A07600DAB7C2 /* EventListingTests.xctest */,
				071C615C2723A07600DAB7C2 /* EventListingUITests.xctest */,
			);
			name = Products;
			sourceTree = "<group>";
		};
		071C613E2723A07200DAB7C2 /* EventListing */ = {
			isa = PBXGroup;
			children = (
				07FB3AAD2723AC3C002659B6 /* API */,
				072A5FD22723D4CD0037E460 /* Components */,
				07FB3AB72723ACCB002659B6 /* Models */,
				07FB3AA72723AAAF002659B6 /* Navigation */,
				07FB3AA32723A984002659B6 /* Scenes */,
				07FB3AAC2723ABEA002659B6 /* SupportingFiles */,
			);
			path = EventListing;
			sourceTree = "<group>";
		};
		071C61552723A07600DAB7C2 /* EventListingTests */ = {
			isa = PBXGroup;
			children = (
				071C61562723A07600DAB7C2 /* EventListingTests.swift */,
			);
			path = EventListingTests;
			sourceTree = "<group>";
		};
		071C615F2723A07600DAB7C2 /* EventListingUITests */ = {
			isa = PBXGroup;
			children = (
				071C61602723A07600DAB7C2 /* EventListingUITests.swift */,
				071C61622723A07600DAB7C2 /* EventListingUITestsLaunchTests.swift */,
			);
			path = EventListingUITests;
			sourceTree = "<group>";
		};
		072A5FD22723D4CD0037E460 /* Components */ = {
			isa = PBXGroup;
			children = (
				072A5FD32723D4DE0037E460 /* Labels */,
				072A5FD62723D62D0037E460 /* TableViews */,
			);
			path = Components;
			sourceTree = "<group>";
		};
		072A5FD32723D4DE0037E460 /* Labels */ = {
			isa = PBXGroup;
			children = (
				072A5FD42723D4E80037E460 /* MultilineLabel.swift */,
			);
			path = Labels;
			sourceTree = "<group>";
		};
		072A5FD62723D62D0037E460 /* TableViews */ = {
			isa = PBXGroup;
			children = (
				072A5FD72723D63D0037E460 /* TableView.swift */,
			);
			path = TableViews;
			sourceTree = "<group>";
		};
		072A5FD92723DB090037E460 /* EventDetail */ = {
			isa = PBXGroup;
			children = (
				072A5FDA2723DB1E0037E460 /* EventDetailView.swift */,
				072A5FDC2723DB2B0037E460 /* EventDetailViewController.swift */,
				072A5FDE2723DB360037E460 /* EventDetailViewModel.swift */,
			);
			path = EventDetail;
			sourceTree = "<group>";
		};
		072A5FE42723DEEB0037E460 /* TableView */ = {
			isa = PBXGroup;
			children = (
				072A5FD02723D4B80037E460 /* EventsListTableViewCell.swift */,
				072A5FE22723DEE70037E460 /* EventsListTableViewCellViewModel.swift */,
			);
			path = TableView;
			sourceTree = "<group>";
		};
		07FB3AA32723A984002659B6 /* Scenes */ = {
			isa = PBXGroup;
			children = (
				072A5FD92723DB090037E460 /* EventDetail */,
				07FB3AA42723A98C002659B6 /* EventsList */,
			);
			path = Scenes;
			sourceTree = "<group>";
		};
		07FB3AA42723A98C002659B6 /* EventsList */ = {
			isa = PBXGroup;
			children = (
				072A5FE02723DB490037E460 /* EventsListCoordinator.swift */,
				07FB3AA52723A9DC002659B6 /* EventsListView.swift */,
				071C61432723A07200DAB7C2 /* EventsListViewController.swift */,
				072A5FCE2723BA4F0037E460 /* EventsListViewModel.swift */,
				072A5FE42723DEEB0037E460 /* TableView */,
			);
			path = EventsList;
			sourceTree = "<group>";
		};
		07FB3AA72723AAAF002659B6 /* Navigation */ = {
			isa = PBXGroup;
			children = (
				07FB3AA82723AABF002659B6 /* Coordinator.swift */,
				07FB3AAA2723AB27002659B6 /* ViewControllerFactory.swift */,
			);
			path = Navigation;
			sourceTree = "<group>";
		};
		07FB3AAC2723ABEA002659B6 /* SupportingFiles */ = {
			isa = PBXGroup;
			children = (
				071C614D2723A07600DAB7C2 /* Info.plist */,
				071C613F2723A07200DAB7C2 /* AppDelegate.swift */,
				071C61482723A07600DAB7C2 /* Assets.xcassets */,
				071C614A2723A07600DAB7C2 /* LaunchScreen.storyboard */,
			);
			path = SupportingFiles;
			sourceTree = "<group>";
		};
		07FB3AAD2723AC3C002659B6 /* API */ = {
			isa = PBXGroup;
			children = (
				07FB3AAE2723AC46002659B6 /* APIClient.swift */,
				07FB3ABA2723ADED002659B6 /* APIDecoder.swift */,
				07FB3AB82723ADD3002659B6 /* APIError.swift */,
				07FB3AB02723AC5A002659B6 /* Protocols */,
			);
			path = API;
			sourceTree = "<group>";
		};
		07FB3AB02723AC5A002659B6 /* Protocols */ = {
			isa = PBXGroup;
			children = (
				07FB3AB12723AC65002659B6 /* APIClientProtocol.swift */,
			);
			path = Protocols;
			sourceTree = "<group>";
		};
		07FB3AB72723ACCB002659B6 /* Models */ = {
			isa = PBXGroup;
			children = (
				07FB3AB52723ACC9002659B6 /* Event.swift */,
			);
			path = Models;
			sourceTree = "<group>";
		};
		51D33991DCC4EC33DDA9E56B /* Frameworks */ = {
			isa = PBXGroup;
			children = (
				D3DDC258A4E7AD11B334DE5F /* Pods_EventListing.framework */,
				0918E7A826D94B5FC9723A0F /* Pods_EventListing_EventListingUITests.framework */,
				A41234AABB8A20D5E7CE113F /* Pods_EventListingTests.framework */,
			);
			name = Frameworks;
			sourceTree = "<group>";
		};
		B4A2136814B28406F6C8AA6F /* Pods */ = {
			isa = PBXGroup;
			children = (
				E4202C4FB3F7D6C00F63AE2D /* Pods-EventListing.debug.xcconfig */,
				0A0D0A0A0E39FB1B83325CC3 /* Pods-EventListing.release.xcconfig */,
				870F35974F5B45145E45D02C /* Pods-EventListing-EventListingUITests.debug.xcconfig */,
				EC7EB6AC6487C4C38C4BE9D8 /* Pods-EventListing-EventListingUITests.release.xcconfig */,
				6C1092C3758BE22E6C9C0EFC /* Pods-EventListingTests.debug.xcconfig */,
				623C90F1E36299DB364311AE /* Pods-EventListingTests.release.xcconfig */,
			);
			path = Pods;
			sourceTree = "<group>";
		};
/* End PBXGroup section */

/* Begin PBXNativeTarget section */
		071C613B2723A07200DAB7C2 /* EventListing */ = {
			isa = PBXNativeTarget;
			buildConfigurationList = 071C61662723A07600DAB7C2 /* Build configuration list for PBXNativeTarget "EventListing" */;
			buildPhases = (
				277E010EE2BBF3E01C72C899 /* [CP] Check Pods Manifest.lock */,
				071C61382723A07200DAB7C2 /* Sources */,
				071C61392723A07200DAB7C2 /* Frameworks */,
				071C613A2723A07200DAB7C2 /* Resources */,
				11606D96E6315635C4FA9E15 /* [CP] Embed Pods Frameworks */,
				072A5FCD2723B7160037E460 /* SwiftLint */,
			);
			buildRules = (
			);
			dependencies = (
			);
			name = EventListing;
			productName = EventListing;
			productReference = 071C613C2723A07200DAB7C2 /* EventListing.app */;
			productType = "com.apple.product-type.application";
		};
		071C61512723A07600DAB7C2 /* EventListingTests */ = {
			isa = PBXNativeTarget;
			buildConfigurationList = 071C61692723A07600DAB7C2 /* Build configuration list for PBXNativeTarget "EventListingTests" */;
			buildPhases = (
				3ECD3F8C0D3CE73958E534A3 /* [CP] Check Pods Manifest.lock */,
				071C614E2723A07600DAB7C2 /* Sources */,
				071C614F2723A07600DAB7C2 /* Frameworks */,
				071C61502723A07600DAB7C2 /* Resources */,
			);
			buildRules = (
			);
			dependencies = (
				071C61542723A07600DAB7C2 /* PBXTargetDependency */,
			);
			name = EventListingTests;
			productName = EventListingTests;
			productReference = 071C61522723A07600DAB7C2 /* EventListingTests.xctest */;
			productType = "com.apple.product-type.bundle.unit-test";
		};
		071C615B2723A07600DAB7C2 /* EventListingUITests */ = {
			isa = PBXNativeTarget;
			buildConfigurationList = 071C616C2723A07600DAB7C2 /* Build configuration list for PBXNativeTarget "EventListingUITests" */;
			buildPhases = (
				3E2AD42933B9BAE8693832E8 /* [CP] Check Pods Manifest.lock */,
				071C61582723A07600DAB7C2 /* Sources */,
				071C61592723A07600DAB7C2 /* Frameworks */,
				071C615A2723A07600DAB7C2 /* Resources */,
				4EBEBA0A7FE21C569EBFEE2B /* [CP] Embed Pods Frameworks */,
			);
			buildRules = (
			);
			dependencies = (
				071C615E2723A07600DAB7C2 /* PBXTargetDependency */,
			);
			name = EventListingUITests;
			productName = EventListingUITests;
			productReference = 071C615C2723A07600DAB7C2 /* EventListingUITests.xctest */;
			productType = "com.apple.product-type.bundle.ui-testing";
		};
/* End PBXNativeTarget section */

/* Begin PBXProject section */
		071C61342723A07200DAB7C2 /* Project object */ = {
			isa = PBXProject;
			attributes = {
				BuildIndependentTargetsInParallel = 1;
				LastSwiftUpdateCheck = 1300;
				LastUpgradeCheck = 1300;
				TargetAttributes = {
					071C613B2723A07200DAB7C2 = {
						CreatedOnToolsVersion = 13.0;
					};
					071C61512723A07600DAB7C2 = {
						CreatedOnToolsVersion = 13.0;
						TestTargetID = 071C613B2723A07200DAB7C2;
					};
					071C615B2723A07600DAB7C2 = {
						CreatedOnToolsVersion = 13.0;
						TestTargetID = 071C613B2723A07200DAB7C2;
					};
				};
			};
			buildConfigurationList = 071C61372723A07200DAB7C2 /* Build configuration list for PBXProject "EventListing" */;
			compatibilityVersion = "Xcode 13.0";
			developmentRegion = en;
			hasScannedForEncodings = 0;
			knownRegions = (
				en,
				Base,
			);
			mainGroup = 071C61332723A07200DAB7C2;
			productRefGroup = 071C613D2723A07200DAB7C2 /* Products */;
			projectDirPath = "";
			projectRoot = "";
			targets = (
				071C613B2723A07200DAB7C2 /* EventListing */,
				071C61512723A07600DAB7C2 /* EventListingTests */,
				071C615B2723A07600DAB7C2 /* EventListingUITests */,
			);
		};
/* End PBXProject section */

/* Begin PBXResourcesBuildPhase section */
		071C613A2723A07200DAB7C2 /* Resources */ = {
			isa = PBXResourcesBuildPhase;
			buildActionMask = 2147483647;
			files = (
				071C614C2723A07600DAB7C2 /* LaunchScreen.storyboard in Resources */,
				071C61492723A07600DAB7C2 /* Assets.xcassets in Resources */,
			);
			runOnlyForDeploymentPostprocessing = 0;
		};
		071C61502723A07600DAB7C2 /* Resources */ = {
			isa = PBXResourcesBuildPhase;
			buildActionMask = 2147483647;
			files = (
			);
			runOnlyForDeploymentPostprocessing = 0;
		};
		071C615A2723A07600DAB7C2 /* Resources */ = {
			isa = PBXResourcesBuildPhase;
			buildActionMask = 2147483647;
			files = (
			);
			runOnlyForDeploymentPostprocessing = 0;
		};
/* End PBXResourcesBuildPhase section */

/* Begin PBXShellScriptBuildPhase section */
		072A5FCD2723B7160037E460 /* SwiftLint */ = {
			isa = PBXShellScriptBuildPhase;
			buildActionMask = 2147483647;
			files = (
			);
			inputFileListPaths = (
			);
			inputPaths = (
			);
			name = SwiftLint;
			outputFileListPaths = (
			);
			outputPaths = (
			);
			runOnlyForDeploymentPostprocessing = 0;
			shellPath = /bin/sh;
			shellScript = "\"${PODS_ROOT}/SwiftLint/swiftlint\"\n";
		};
		11606D96E6315635C4FA9E15 /* [CP] Embed Pods Frameworks */ = {
			isa = PBXShellScriptBuildPhase;
			buildActionMask = 2147483647;
			files = (
			);
			inputFileListPaths = (
				"${PODS_ROOT}/Target Support Files/Pods-EventListing/Pods-EventListing-frameworks-${CONFIGURATION}-input-files.xcfilelist",
			);
			name = "[CP] Embed Pods Frameworks";
			outputFileListPaths = (
				"${PODS_ROOT}/Target Support Files/Pods-EventListing/Pods-EventListing-frameworks-${CONFIGURATION}-output-files.xcfilelist",
			);
			runOnlyForDeploymentPostprocessing = 0;
			shellPath = /bin/sh;
			shellScript = "\"${PODS_ROOT}/Target Support Files/Pods-EventListing/Pods-EventListing-frameworks.sh\"\n";
			showEnvVarsInLog = 0;
		};
		277E010EE2BBF3E01C72C899 /* [CP] Check Pods Manifest.lock */ = {
			isa = PBXShellScriptBuildPhase;
			buildActionMask = 2147483647;
			files = (
			);
			inputFileListPaths = (
			);
			inputPaths = (
				"${PODS_PODFILE_DIR_PATH}/Podfile.lock",
				"${PODS_ROOT}/Manifest.lock",
			);
			name = "[CP] Check Pods Manifest.lock";
			outputFileListPaths = (
			);
			outputPaths = (
				"$(DERIVED_FILE_DIR)/Pods-EventListing-checkManifestLockResult.txt",
			);
			runOnlyForDeploymentPostprocessing = 0;
			shellPath = /bin/sh;
			shellScript = "diff \"${PODS_PODFILE_DIR_PATH}/Podfile.lock\" \"${PODS_ROOT}/Manifest.lock\" > /dev/null\nif [ $? != 0 ] ; then\n    # print error to STDERR\n    echo \"error: The sandbox is not in sync with the Podfile.lock. Run 'pod install' or update your CocoaPods installation.\" >&2\n    exit 1\nfi\n# This output is used by Xcode 'outputs' to avoid re-running this script phase.\necho \"SUCCESS\" > \"${SCRIPT_OUTPUT_FILE_0}\"\n";
			showEnvVarsInLog = 0;
		};
		3E2AD42933B9BAE8693832E8 /* [CP] Check Pods Manifest.lock */ = {
			isa = PBXShellScriptBuildPhase;
			buildActionMask = 2147483647;
			files = (
			);
			inputFileListPaths = (
			);
			inputPaths = (
				"${PODS_PODFILE_DIR_PATH}/Podfile.lock",
				"${PODS_ROOT}/Manifest.lock",
			);
			name = "[CP] Check Pods Manifest.lock";
			outputFileListPaths = (
			);
			outputPaths = (
				"$(DERIVED_FILE_DIR)/Pods-EventListing-EventListingUITests-checkManifestLockResult.txt",
			);
			runOnlyForDeploymentPostprocessing = 0;
			shellPath = /bin/sh;
			shellScript = "diff \"${PODS_PODFILE_DIR_PATH}/Podfile.lock\" \"${PODS_ROOT}/Manifest.lock\" > /dev/null\nif [ $? != 0 ] ; then\n    # print error to STDERR\n    echo \"error: The sandbox is not in sync with the Podfile.lock. Run 'pod install' or update your CocoaPods installation.\" >&2\n    exit 1\nfi\n# This output is used by Xcode 'outputs' to avoid re-running this script phase.\necho \"SUCCESS\" > \"${SCRIPT_OUTPUT_FILE_0}\"\n";
			showEnvVarsInLog = 0;
		};
		3ECD3F8C0D3CE73958E534A3 /* [CP] Check Pods Manifest.lock */ = {
			isa = PBXShellScriptBuildPhase;
			buildActionMask = 2147483647;
			files = (
			);
			inputFileListPaths = (
			);
			inputPaths = (
				"${PODS_PODFILE_DIR_PATH}/Podfile.lock",
				"${PODS_ROOT}/Manifest.lock",
			);
			name = "[CP] Check Pods Manifest.lock";
			outputFileListPaths = (
			);
			outputPaths = (
				"$(DERIVED_FILE_DIR)/Pods-EventListingTests-checkManifestLockResult.txt",
			);
			runOnlyForDeploymentPostprocessing = 0;
			shellPath = /bin/sh;
			shellScript = "diff \"${PODS_PODFILE_DIR_PATH}/Podfile.lock\" \"${PODS_ROOT}/Manifest.lock\" > /dev/null\nif [ $? != 0 ] ; then\n    # print error to STDERR\n    echo \"error: The sandbox is not in sync with the Podfile.lock. Run 'pod install' or update your CocoaPods installation.\" >&2\n    exit 1\nfi\n# This output is used by Xcode 'outputs' to avoid re-running this script phase.\necho \"SUCCESS\" > \"${SCRIPT_OUTPUT_FILE_0}\"\n";
			showEnvVarsInLog = 0;
		};
		4EBEBA0A7FE21C569EBFEE2B /* [CP] Embed Pods Frameworks */ = {
			isa = PBXShellScriptBuildPhase;
			buildActionMask = 2147483647;
			files = (
			);
			inputFileListPaths = (
				"${PODS_ROOT}/Target Support Files/Pods-EventListing-EventListingUITests/Pods-EventListing-EventListingUITests-frameworks-${CONFIGURATION}-input-files.xcfilelist",
			);
			name = "[CP] Embed Pods Frameworks";
			outputFileListPaths = (
				"${PODS_ROOT}/Target Support Files/Pods-EventListing-EventListingUITests/Pods-EventListing-EventListingUITests-frameworks-${CONFIGURATION}-output-files.xcfilelist",
			);
			runOnlyForDeploymentPostprocessing = 0;
			shellPath = /bin/sh;
			shellScript = "\"${PODS_ROOT}/Target Support Files/Pods-EventListing-EventListingUITests/Pods-EventListing-EventListingUITests-frameworks.sh\"\n";
			showEnvVarsInLog = 0;
		};
/* End PBXShellScriptBuildPhase section */

/* Begin PBXSourcesBuildPhase section */
		071C61382723A07200DAB7C2 /* Sources */ = {
			isa = PBXSourcesBuildPhase;
			buildActionMask = 2147483647;
			files = (
				072A5FD12723D4B80037E460 /* EventsListTableViewCell.swift in Sources */,
				072A5FE12723DB490037E460 /* EventsListCoordinator.swift in Sources */,
				07FB3AA92723AABF002659B6 /* Coordinator.swift in Sources */,
				07FB3AB62723ACC9002659B6 /* Event.swift in Sources */,
				072A5FD82723D63D0037E460 /* TableView.swift in Sources */,
				07FB3AAB2723AB27002659B6 /* ViewControllerFactory.swift in Sources */,
				07FB3AB92723ADD3002659B6 /* APIError.swift in Sources */,
				072A5FE32723DEE70037E460 /* EventsListTableViewCellViewModel.swift in Sources */,
				071C61442723A07200DAB7C2 /* EventsListViewController.swift in Sources */,
				07FB3AA62723A9DC002659B6 /* EventsListView.swift in Sources */,
				072A5FDF2723DB360037E460 /* EventDetailViewModel.swift in Sources */,
				071C61402723A07200DAB7C2 /* AppDelegate.swift in Sources */,
				07FB3AB22723AC65002659B6 /* APIClientProtocol.swift in Sources */,
				072A5FCF2723BA4F0037E460 /* EventsListViewModel.swift in Sources */,
				072A5FDB2723DB1E0037E460 /* EventDetailView.swift in Sources */,
				072A5FD52723D4E80037E460 /* MultilineLabel.swift in Sources */,
				07FB3AAF2723AC46002659B6 /* APIClient.swift in Sources */,
				072A5FDD2723DB2B0037E460 /* EventDetailViewController.swift in Sources */,
				07FB3ABB2723ADED002659B6 /* APIDecoder.swift in Sources */,
			);
			runOnlyForDeploymentPostprocessing = 0;
		};
		071C614E2723A07600DAB7C2 /* Sources */ = {
			isa = PBXSourcesBuildPhase;
			buildActionMask = 2147483647;
			files = (
				071C61572723A07600DAB7C2 /* EventListingTests.swift in Sources */,
			);
			runOnlyForDeploymentPostprocessing = 0;
		};
		071C61582723A07600DAB7C2 /* Sources */ = {
			isa = PBXSourcesBuildPhase;
			buildActionMask = 2147483647;
			files = (
				071C61632723A07600DAB7C2 /* EventListingUITestsLaunchTests.swift in Sources */,
				071C61612723A07600DAB7C2 /* EventListingUITests.swift in Sources */,
			);
			runOnlyForDeploymentPostprocessing = 0;
		};
/* End PBXSourcesBuildPhase section */

/* Begin PBXTargetDependency section */
		071C61542723A07600DAB7C2 /* PBXTargetDependency */ = {
			isa = PBXTargetDependency;
			target = 071C613B2723A07200DAB7C2 /* EventListing */;
			targetProxy = 071C61532723A07600DAB7C2 /* PBXContainerItemProxy */;
		};
		071C615E2723A07600DAB7C2 /* PBXTargetDependency */ = {
			isa = PBXTargetDependency;
			target = 071C613B2723A07200DAB7C2 /* EventListing */;
			targetProxy = 071C615D2723A07600DAB7C2 /* PBXContainerItemProxy */;
		};
/* End PBXTargetDependency section */

/* Begin PBXVariantGroup section */
		071C614A2723A07600DAB7C2 /* LaunchScreen.storyboard */ = {
			isa = PBXVariantGroup;
			children = (
				071C614B2723A07600DAB7C2 /* Base */,
			);
			name = LaunchScreen.storyboard;
			sourceTree = "<group>";
		};
/* End PBXVariantGroup section */

/* Begin XCBuildConfiguration section */
		071C61642723A07600DAB7C2 /* Debug */ = {
			isa = XCBuildConfiguration;
			buildSettings = {
				ALWAYS_SEARCH_USER_PATHS = NO;
				CLANG_ANALYZER_NONNULL = YES;
				CLANG_ANALYZER_NUMBER_OBJECT_CONVERSION = YES_AGGRESSIVE;
				CLANG_CXX_LANGUAGE_STANDARD = "gnu++17";
				CLANG_CXX_LIBRARY = "libc++";
				CLANG_ENABLE_MODULES = YES;
				CLANG_ENABLE_OBJC_ARC = YES;
				CLANG_ENABLE_OBJC_WEAK = YES;
				CLANG_WARN_BLOCK_CAPTURE_AUTORELEASING = YES;
				CLANG_WARN_BOOL_CONVERSION = YES;
				CLANG_WARN_COMMA = YES;
				CLANG_WARN_CONSTANT_CONVERSION = YES;
				CLANG_WARN_DEPRECATED_OBJC_IMPLEMENTATIONS = YES;
				CLANG_WARN_DIRECT_OBJC_ISA_USAGE = YES_ERROR;
				CLANG_WARN_DOCUMENTATION_COMMENTS = YES;
				CLANG_WARN_EMPTY_BODY = YES;
				CLANG_WARN_ENUM_CONVERSION = YES;
				CLANG_WARN_INFINITE_RECURSION = YES;
				CLANG_WARN_INT_CONVERSION = YES;
				CLANG_WARN_NON_LITERAL_NULL_CONVERSION = YES;
				CLANG_WARN_OBJC_IMPLICIT_RETAIN_SELF = YES;
				CLANG_WARN_OBJC_LITERAL_CONVERSION = YES;
				CLANG_WARN_OBJC_ROOT_CLASS = YES_ERROR;
				CLANG_WARN_QUOTED_INCLUDE_IN_FRAMEWORK_HEADER = YES;
				CLANG_WARN_RANGE_LOOP_ANALYSIS = YES;
				CLANG_WARN_STRICT_PROTOTYPES = YES;
				CLANG_WARN_SUSPICIOUS_MOVE = YES;
				CLANG_WARN_UNGUARDED_AVAILABILITY = YES_AGGRESSIVE;
				CLANG_WARN_UNREACHABLE_CODE = YES;
				CLANG_WARN__DUPLICATE_METHOD_MATCH = YES;
				COPY_PHASE_STRIP = NO;
				DEBUG_INFORMATION_FORMAT = dwarf;
				ENABLE_STRICT_OBJC_MSGSEND = YES;
				ENABLE_TESTABILITY = YES;
				GCC_C_LANGUAGE_STANDARD = gnu11;
				GCC_DYNAMIC_NO_PIC = NO;
				GCC_NO_COMMON_BLOCKS = YES;
				GCC_OPTIMIZATION_LEVEL = 0;
				GCC_PREPROCESSOR_DEFINITIONS = (
					"DEBUG=1",
					"$(inherited)",
				);
				GCC_WARN_64_TO_32_BIT_CONVERSION = YES;
				GCC_WARN_ABOUT_RETURN_TYPE = YES_ERROR;
				GCC_WARN_UNDECLARED_SELECTOR = YES;
				GCC_WARN_UNINITIALIZED_AUTOS = YES_AGGRESSIVE;
				GCC_WARN_UNUSED_FUNCTION = YES;
				GCC_WARN_UNUSED_VARIABLE = YES;
				IPHONEOS_DEPLOYMENT_TARGET = 15.0;
				MTL_ENABLE_DEBUG_INFO = INCLUDE_SOURCE;
				MTL_FAST_MATH = YES;
				ONLY_ACTIVE_ARCH = YES;
				SDKROOT = iphoneos;
				SWIFT_ACTIVE_COMPILATION_CONDITIONS = DEBUG;
				SWIFT_OPTIMIZATION_LEVEL = "-Onone";
			};
			name = Debug;
		};
		071C61652723A07600DAB7C2 /* Release */ = {
			isa = XCBuildConfiguration;
			buildSettings = {
				ALWAYS_SEARCH_USER_PATHS = NO;
				CLANG_ANALYZER_NONNULL = YES;
				CLANG_ANALYZER_NUMBER_OBJECT_CONVERSION = YES_AGGRESSIVE;
				CLANG_CXX_LANGUAGE_STANDARD = "gnu++17";
				CLANG_CXX_LIBRARY = "libc++";
				CLANG_ENABLE_MODULES = YES;
				CLANG_ENABLE_OBJC_ARC = YES;
				CLANG_ENABLE_OBJC_WEAK = YES;
				CLANG_WARN_BLOCK_CAPTURE_AUTORELEASING = YES;
				CLANG_WARN_BOOL_CONVERSION = YES;
				CLANG_WARN_COMMA = YES;
				CLANG_WARN_CONSTANT_CONVERSION = YES;
				CLANG_WARN_DEPRECATED_OBJC_IMPLEMENTATIONS = YES;
				CLANG_WARN_DIRECT_OBJC_ISA_USAGE = YES_ERROR;
				CLANG_WARN_DOCUMENTATION_COMMENTS = YES;
				CLANG_WARN_EMPTY_BODY = YES;
				CLANG_WARN_ENUM_CONVERSION = YES;
				CLANG_WARN_INFINITE_RECURSION = YES;
				CLANG_WARN_INT_CONVERSION = YES;
				CLANG_WARN_NON_LITERAL_NULL_CONVERSION = YES;
				CLANG_WARN_OBJC_IMPLICIT_RETAIN_SELF = YES;
				CLANG_WARN_OBJC_LITERAL_CONVERSION = YES;
				CLANG_WARN_OBJC_ROOT_CLASS = YES_ERROR;
				CLANG_WARN_QUOTED_INCLUDE_IN_FRAMEWORK_HEADER = YES;
				CLANG_WARN_RANGE_LOOP_ANALYSIS = YES;
				CLANG_WARN_STRICT_PROTOTYPES = YES;
				CLANG_WARN_SUSPICIOUS_MOVE = YES;
				CLANG_WARN_UNGUARDED_AVAILABILITY = YES_AGGRESSIVE;
				CLANG_WARN_UNREACHABLE_CODE = YES;
				CLANG_WARN__DUPLICATE_METHOD_MATCH = YES;
				COPY_PHASE_STRIP = NO;
				DEBUG_INFORMATION_FORMAT = "dwarf-with-dsym";
				ENABLE_NS_ASSERTIONS = NO;
				ENABLE_STRICT_OBJC_MSGSEND = YES;
				GCC_C_LANGUAGE_STANDARD = gnu11;
				GCC_NO_COMMON_BLOCKS = YES;
				GCC_WARN_64_TO_32_BIT_CONVERSION = YES;
				GCC_WARN_ABOUT_RETURN_TYPE = YES_ERROR;
				GCC_WARN_UNDECLARED_SELECTOR = YES;
				GCC_WARN_UNINITIALIZED_AUTOS = YES_AGGRESSIVE;
				GCC_WARN_UNUSED_FUNCTION = YES;
				GCC_WARN_UNUSED_VARIABLE = YES;
				IPHONEOS_DEPLOYMENT_TARGET = 15.0;
				MTL_ENABLE_DEBUG_INFO = NO;
				MTL_FAST_MATH = YES;
				SDKROOT = iphoneos;
				SWIFT_COMPILATION_MODE = wholemodule;
				SWIFT_OPTIMIZATION_LEVEL = "-O";
				VALIDATE_PRODUCT = YES;
			};
			name = Release;
		};
		071C61672723A07600DAB7C2 /* Debug */ = {
			isa = XCBuildConfiguration;
			baseConfigurationReference = E4202C4FB3F7D6C00F63AE2D /* Pods-EventListing.debug.xcconfig */;
			buildSettings = {
				ASSETCATALOG_COMPILER_APPICON_NAME = AppIcon;
				ASSETCATALOG_COMPILER_GLOBAL_ACCENT_COLOR_NAME = AccentColor;
				CODE_SIGN_STYLE = Automatic;
				CURRENT_PROJECT_VERSION = 1;
				DEVELOPMENT_TEAM = 2ZW86QRWD4;
				GENERATE_INFOPLIST_FILE = YES;
				INFOPLIST_FILE = EventListing/SupportingFiles/Info.plist;
				INFOPLIST_KEY_UIApplicationSupportsIndirectInputEvents = YES;
				INFOPLIST_KEY_UILaunchStoryboardName = LaunchScreen;
				INFOPLIST_KEY_UISupportedInterfaceOrientations_iPad = "UIInterfaceOrientationPortrait UIInterfaceOrientationPortraitUpsideDown UIInterfaceOrientationLandscapeLeft UIInterfaceOrientationLandscapeRight";
				INFOPLIST_KEY_UISupportedInterfaceOrientations_iPhone = "UIInterfaceOrientationPortrait UIInterfaceOrientationLandscapeLeft UIInterfaceOrientationLandscapeRight";
				IPHONEOS_DEPLOYMENT_TARGET = 13.0;
				LD_RUNPATH_SEARCH_PATHS = (
					"$(inherited)",
					"@executable_path/Frameworks",
				);
				MARKETING_VERSION = 1.0;
				PRODUCT_BUNDLE_IDENTIFIER = lucas.tomasi.EventListing;
				PRODUCT_NAME = "$(TARGET_NAME)";
				SWIFT_EMIT_LOC_STRINGS = YES;
				SWIFT_VERSION = 5.0;
				TARGETED_DEVICE_FAMILY = "1,2";
			};
			name = Debug;
		};
		071C61682723A07600DAB7C2 /* Release */ = {
			isa = XCBuildConfiguration;
			baseConfigurationReference = 0A0D0A0A0E39FB1B83325CC3 /* Pods-EventListing.release.xcconfig */;
			buildSettings = {
				ASSETCATALOG_COMPILER_APPICON_NAME = AppIcon;
				ASSETCATALOG_COMPILER_GLOBAL_ACCENT_COLOR_NAME = AccentColor;
				CODE_SIGN_STYLE = Automatic;
				CURRENT_PROJECT_VERSION = 1;
				DEVELOPMENT_TEAM = 2ZW86QRWD4;
				GENERATE_INFOPLIST_FILE = YES;
				INFOPLIST_FILE = EventListing/SupportingFiles/Info.plist;
				INFOPLIST_KEY_UIApplicationSupportsIndirectInputEvents = YES;
				INFOPLIST_KEY_UILaunchStoryboardName = LaunchScreen;
				INFOPLIST_KEY_UISupportedInterfaceOrientations_iPad = "UIInterfaceOrientationPortrait UIInterfaceOrientationPortraitUpsideDown UIInterfaceOrientationLandscapeLeft UIInterfaceOrientationLandscapeRight";
				INFOPLIST_KEY_UISupportedInterfaceOrientations_iPhone = "UIInterfaceOrientationPortrait UIInterfaceOrientationLandscapeLeft UIInterfaceOrientationLandscapeRight";
				IPHONEOS_DEPLOYMENT_TARGET = 13.0;
				LD_RUNPATH_SEARCH_PATHS = (
					"$(inherited)",
					"@executable_path/Frameworks",
				);
				MARKETING_VERSION = 1.0;
				PRODUCT_BUNDLE_IDENTIFIER = lucas.tomasi.EventListing;
				PRODUCT_NAME = "$(TARGET_NAME)";
				SWIFT_EMIT_LOC_STRINGS = YES;
				SWIFT_VERSION = 5.0;
				TARGETED_DEVICE_FAMILY = "1,2";
			};
			name = Release;
		};
		071C616A2723A07600DAB7C2 /* Debug */ = {
			isa = XCBuildConfiguration;
			baseConfigurationReference = 6C1092C3758BE22E6C9C0EFC /* Pods-EventListingTests.debug.xcconfig */;
			buildSettings = {
				ALWAYS_EMBED_SWIFT_STANDARD_LIBRARIES = YES;
				BUNDLE_LOADER = "$(TEST_HOST)";
				CODE_SIGN_STYLE = Automatic;
				CURRENT_PROJECT_VERSION = 1;
				DEVELOPMENT_TEAM = 2ZW86QRWD4;
				GENERATE_INFOPLIST_FILE = YES;
				IPHONEOS_DEPLOYMENT_TARGET = 15.0;
				LD_RUNPATH_SEARCH_PATHS = (
					"$(inherited)",
					"@executable_path/Frameworks",
					"@loader_path/Frameworks",
				);
				MARKETING_VERSION = 1.0;
				PRODUCT_BUNDLE_IDENTIFIER = lucas.tomasi.EventListingTests;
				PRODUCT_NAME = "$(TARGET_NAME)";
				SWIFT_EMIT_LOC_STRINGS = NO;
				SWIFT_VERSION = 5.0;
				TARGETED_DEVICE_FAMILY = "1,2";
				TEST_HOST = "$(BUILT_PRODUCTS_DIR)/EventListing.app/EventListing";
			};
			name = Debug;
		};
		071C616B2723A07600DAB7C2 /* Release */ = {
			isa = XCBuildConfiguration;
			baseConfigurationReference = 623C90F1E36299DB364311AE /* Pods-EventListingTests.release.xcconfig */;
			buildSettings = {
				ALWAYS_EMBED_SWIFT_STANDARD_LIBRARIES = YES;
				BUNDLE_LOADER = "$(TEST_HOST)";
				CODE_SIGN_STYLE = Automatic;
				CURRENT_PROJECT_VERSION = 1;
				DEVELOPMENT_TEAM = 2ZW86QRWD4;
				GENERATE_INFOPLIST_FILE = YES;
				IPHONEOS_DEPLOYMENT_TARGET = 15.0;
				LD_RUNPATH_SEARCH_PATHS = (
					"$(inherited)",
					"@executable_path/Frameworks",
					"@loader_path/Frameworks",
				);
				MARKETING_VERSION = 1.0;
				PRODUCT_BUNDLE_IDENTIFIER = lucas.tomasi.EventListingTests;
				PRODUCT_NAME = "$(TARGET_NAME)";
				SWIFT_EMIT_LOC_STRINGS = NO;
				SWIFT_VERSION = 5.0;
				TARGETED_DEVICE_FAMILY = "1,2";
				TEST_HOST = "$(BUILT_PRODUCTS_DIR)/EventListing.app/EventListing";
			};
			name = Release;
		};
		071C616D2723A07600DAB7C2 /* Debug */ = {
			isa = XCBuildConfiguration;
			baseConfigurationReference = 870F35974F5B45145E45D02C /* Pods-EventListing-EventListingUITests.debug.xcconfig */;
			buildSettings = {
				ALWAYS_EMBED_SWIFT_STANDARD_LIBRARIES = YES;
				CODE_SIGN_STYLE = Automatic;
				CURRENT_PROJECT_VERSION = 1;
				DEVELOPMENT_TEAM = 2ZW86QRWD4;
				GENERATE_INFOPLIST_FILE = YES;
				LD_RUNPATH_SEARCH_PATHS = (
					"$(inherited)",
					"@executable_path/Frameworks",
					"@loader_path/Frameworks",
				);
				MARKETING_VERSION = 1.0;
				PRODUCT_BUNDLE_IDENTIFIER = lucas.tomasi.EventListingUITests;
				PRODUCT_NAME = "$(TARGET_NAME)";
				SWIFT_EMIT_LOC_STRINGS = NO;
				SWIFT_VERSION = 5.0;
				TARGETED_DEVICE_FAMILY = "1,2";
				TEST_TARGET_NAME = EventListing;
			};
			name = Debug;
		};
		071C616E2723A07600DAB7C2 /* Release */ = {
			isa = XCBuildConfiguration;
			baseConfigurationReference = EC7EB6AC6487C4C38C4BE9D8 /* Pods-EventListing-EventListingUITests.release.xcconfig */;
			buildSettings = {
				ALWAYS_EMBED_SWIFT_STANDARD_LIBRARIES = YES;
				CODE_SIGN_STYLE = Automatic;
				CURRENT_PROJECT_VERSION = 1;
				DEVELOPMENT_TEAM = 2ZW86QRWD4;
				GENERATE_INFOPLIST_FILE = YES;
				LD_RUNPATH_SEARCH_PATHS = (
					"$(inherited)",
					"@executable_path/Frameworks",
					"@loader_path/Frameworks",
				);
				MARKETING_VERSION = 1.0;
				PRODUCT_BUNDLE_IDENTIFIER = lucas.tomasi.EventListingUITests;
				PRODUCT_NAME = "$(TARGET_NAME)";
				SWIFT_EMIT_LOC_STRINGS = NO;
				SWIFT_VERSION = 5.0;
				TARGETED_DEVICE_FAMILY = "1,2";
				TEST_TARGET_NAME = EventListing;
			};
			name = Release;
		};
/* End XCBuildConfiguration section */

/* Begin XCConfigurationList section */
		071C61372723A07200DAB7C2 /* Build configuration list for PBXProject "EventListing" */ = {
			isa = XCConfigurationList;
			buildConfigurations = (
				071C61642723A07600DAB7C2 /* Debug */,
				071C61652723A07600DAB7C2 /* Release */,
			);
			defaultConfigurationIsVisible = 0;
			defaultConfigurationName = Release;
		};
		071C61662723A07600DAB7C2 /* Build configuration list for PBXNativeTarget "EventListing" */ = {
			isa = XCConfigurationList;
			buildConfigurations = (
				071C61672723A07600DAB7C2 /* Debug */,
				071C61682723A07600DAB7C2 /* Release */,
			);
			defaultConfigurationIsVisible = 0;
			defaultConfigurationName = Release;
		};
		071C61692723A07600DAB7C2 /* Build configuration list for PBXNativeTarget "EventListingTests" */ = {
			isa = XCConfigurationList;
			buildConfigurations = (
				071C616A2723A07600DAB7C2 /* Debug */,
				071C616B2723A07600DAB7C2 /* Release */,
			);
			defaultConfigurationIsVisible = 0;
			defaultConfigurationName = Release;
		};
		071C616C2723A07600DAB7C2 /* Build configuration list for PBXNativeTarget "EventListingUITests" */ = {
			isa = XCConfigurationList;
			buildConfigurations = (
				071C616D2723A07600DAB7C2 /* Debug */,
				071C616E2723A07600DAB7C2 /* Release */,
			);
			defaultConfigurationIsVisible = 0;
			defaultConfigurationName = Release;
		};
/* End XCConfigurationList section */
	};
	rootObject = 071C61342723A07200DAB7C2 /* Project object */;
}
